{
  "name": "BlastV2",
  "version": "3.6.0",
  "lockfileVersion": 2,
  "requires": true,
  "packages": {
    "": {
      "name": "BlastV2",
      "version": "3.6.0",
      "dependencies": {
        "saloeater-brandi": "^4.0.2"
      }
    },
    "node_modules/saloeater-brandi": {
      "version": "4.0.3",
      "resolved": "https://registry.npmjs.org/saloeater-brandi/-/saloeater-brandi-4.0.3.tgz",
      "integrity": "sha512-/npmwhwWa4s9iuA2tzAD9Rf9e7pt2Q9i18KyvmK/CzA5Aefp/U2yAh9AKWR8drgBlo8Smi38UYzUM43WFGyfEA=="
    }
  },
  "dependencies": {
    "saloeater-brandi": {
      "version": "4.0.3",
      "resolved": "https://registry.npmjs.org/saloeater-brandi/-/saloeater-brandi-4.0.3.tgz",
      "integrity": "sha512-/npmwhwWa4s9iuA2tzAD9Rf9e7pt2Q9i18KyvmK/CzA5Aefp/U2yAh9AKWR8drgBlo8Smi38UYzUM43WFGyfEA=="
    }
  }
}
